
Microsoft Visual Studio Solution File, Format Version 12.00
# Visual Studio Version 17
VisualStudioVersion = 17.7.34221.43
MinimumVisualStudioVersion = 10.0.40219.1
Project("{FAE04EC0-301F-11D3-BF4B-00C04F79EFBC}") = "JainamDemo", "JainamDemo\JainamDemo.csproj", "{C9A19E19-3211-4C1A-AB95-774BFCEFA3B9}"
EndProject
Global
	GlobalSection(SolutionConfigurationPlatforms) = preSolution
		Debug|Any CPU = Debug|Any CPU
		Release|Any CPU = Release|Any CPU
	EndGlobalSection
	GlobalSection(ProjectConfigurationPlatforms) = postSolution
		{C9A19E19-3211-4C1A-AB95-774BFCEFA3B9}.Debug|Any CPU.ActiveCfg = Debug|Any CPU
		{C9A19E19-3211-4C1A-AB95-774BFCEFA3B9}.Debug|Any CPU.Build.0 = Debug|Any CPU
		{C9A19E19-3211-4C1A-AB95-774BFCEFA3B9}.Release|Any CPU.ActiveCfg = Release|Any CPU
		{C9A19E19-3211-4C1A-AB95-774BFCEFA3B9}.Release|Any CPU.Build.0 = Release|Any CPU
	EndGlobalSection
	GlobalSection(SolutionProperties) = preSolution
		HideSolutionNode = FALSE
	EndGlobalSection
	GlobalSection(ExtensibilityGlobals) = postSolution
		SolutionGuid = {B62B09AC-2E59-4A93-A55A-BC3A435ED4AD}
	EndGlobalSection
EndGlobal
